# This file is automatically @generated by Cargo.
# It is not intended for manual editing.
version = 4

[[package]]
name = "beryl-m68k"
version = "0.1.0"
dependencies = [
 "emusen-native",
]

[[package]]
name = "beryl-sh2"
version = "0.1.0"
dependencies = [
 "emusen-native",
]

[[package]]
name = "beryl-z80"
version = "0.1.0"
dependencies = [
 "emusen-native",
]

[[package]]
name = "emusen-native"
version = "0.1.0"

[[package]]
name = "nephrite"
version = "0.1.0"
dependencies = [
 "beryl-m68k",
 "beryl-sh2",
 "beryl-z80",
 "emusen-native",
]
