
Microsoft Visual Studio Solution File, Format Version 12.00
# Visual Studio Version 17
VisualStudioVersion = 17.0.31903.59
MinimumVisualStudioVersion = 10.0.40219.1
Project("{9A19103F-16F7-4668-BE54-9A1E7A4F7556}") = "EmuSen", "EmuSen\EmuSen.csproj", "{A38C3BCD-5A38-48D5-9C1C-8858F9D65ECB}"
EndProject
Project("{9A19103F-16F7-4668-BE54-9A1E7A4F7556}") = "EmuSen.Serenity", "EmuSen.Serenity\EmuSen.Serenity.csproj", "{0379B889-6F6C-4037-AF1E-1A6F807E0872}"
EndProject
Project("{9A19103F-16F7-4668-BE54-9A1E7A4F7556}") = "EmuSen.Hotaru", "EmuSen.Hotaru\EmuSen.Hotaru.csproj", "{7EFE3253-C275-4845-8C09-C710153A2475}"
EndProject
Project("{9A19103F-16F7-4668-BE54-9A1E7A4F7556}") = "EmuSen.Mistress", "EmuSen.Mistress\EmuSen.Mistress.csproj", "{149D5BE3-4BB0-41D7-A1AA-BC15477B7827}"
EndProject
Project("{FAE04EC0-301F-11D3-BF4B-00C04F79EFBC}") = "EmuSen.Pharaoh", "EmuSen.Pharaoh\EmuSen.Pharaoh.csproj", "{308E0ACB-4B10-4653-932A-75D3AFBA6AE4}"
EndProject
Project("{FAE04EC0-301F-11D3-BF4B-00C04F79EFBC}") = "EmuSen.WiseMan", "EmuSen.WiseMan\EmuSen.WiseMan.csproj", "{8A373964-284F-40E7-A19D-2C922DD602F1}"
EndProject
Project("{FAE04EC0-301F-11D3-BF4B-00C04F79EFBC}") = "EmuSen.Cauldron", "EmuSen.Cauldron\EmuSen.Cauldron.csproj", "{AA49A702-4C1B-462E-A8FF-E90338E12AFA}"
EndProject
Project("{FAE04EC0-301F-11D3-BF4B-00C04F79EFBC}") = "EmuSen.DianaOS", "EmuSen.DianaOS\EmuSen.DianaOS.csproj", "{A462A496-51EC-4E73-8E02-3C57A88AC352}"
EndProject
Project("{FAE04EC0-301F-11D3-BF4B-00C04F79EFBC}") = "EmuSen.Galaxia", "EmuSen.Galaxia\EmuSen.Galaxia.csproj", "{4D7D64FC-E28C-483F-B1DB-061E3D9A05D2}"
EndProject
Project("{FAE04EC0-301F-11D3-BF4B-00C04F79EFBC}") = "EmuSen.Endymion", "EmuSen.Endymion\EmuSen.Endymion.csproj", "{AAD1EB6D-8611-4D46-BC0F-FC090EA749F2}"
EndProject
Global
	GlobalSection(SolutionConfigurationPlatforms) = preSolution
		Debug|Any CPU = Debug|Any CPU
		Debug|x64 = Debug|x64
		Debug|x86 = Debug|x86
		Release|Any CPU = Release|Any CPU
		Release|x64 = Release|x64
		Release|x86 = Release|x86
	EndGlobalSection
	GlobalSection(ProjectConfigurationPlatforms) = postSolution
		{A38C3BCD-5A38-48D5-9C1C-8858F9D65ECB}.Debug|Any CPU.ActiveCfg = Debug|Any CPU
		{A38C3BCD-5A38-48D5-9C1C-8858F9D65ECB}.Debug|Any CPU.Build.0 = Debug|Any CPU
		{A38C3BCD-5A38-48D5-9C1C-8858F9D65ECB}.Debug|x64.ActiveCfg = Debug|Any CPU
		{A38C3BCD-5A38-48D5-9C1C-8858F9D65ECB}.Debug|x64.Build.0 = Debug|Any CPU
		{A38C3BCD-5A38-48D5-9C1C-8858F9D65ECB}.Debug|x86.ActiveCfg = Debug|Any CPU
		{A38C3BCD-5A38-48D5-9C1C-8858F9D65ECB}.Debug|x86.Build.0 = Debug|Any CPU
		{A38C3BCD-5A38-48D5-9C1C-8858F9D65ECB}.Release|Any CPU.ActiveCfg = Release|Any CPU
		{A38C3BCD-5A38-48D5-9C1C-8858F9D65ECB}.Release|Any CPU.Build.0 = Release|Any CPU
		{A38C3BCD-5A38-48D5-9C1C-8858F9D65ECB}.Release|x64.ActiveCfg = Release|Any CPU
		{A38C3BCD-5A38-48D5-9C1C-8858F9D65ECB}.Release|x64.Build.0 = Release|Any CPU
		{A38C3BCD-5A38-48D5-9C1C-8858F9D65ECB}.Release|x86.ActiveCfg = Release|Any CPU
		{A38C3BCD-5A38-48D5-9C1C-8858F9D65ECB}.Release|x86.Build.0 = Release|Any CPU
		{0379B889-6F6C-4037-AF1E-1A6F807E0872}.Debug|Any CPU.ActiveCfg = Debug|Any CPU
		{0379B889-6F6C-4037-AF1E-1A6F807E0872}.Debug|Any CPU.Build.0 = Debug|Any CPU
		{0379B889-6F6C-4037-AF1E-1A6F807E0872}.Debug|x64.ActiveCfg = Debug|Any CPU
		{0379B889-6F6C-4037-AF1E-1A6F807E0872}.Debug|x64.Build.0 = Debug|Any CPU
		{0379B889-6F6C-4037-AF1E-1A6F807E0872}.Debug|x86.ActiveCfg = Debug|Any CPU
		{0379B889-6F6C-4037-AF1E-1A6F807E0872}.Debug|x86.Build.0 = Debug|Any CPU
		{0379B889-6F6C-4037-AF1E-1A6F807E0872}.Release|Any CPU.ActiveCfg = Release|Any CPU
		{0379B889-6F6C-4037-AF1E-1A6F807E0872}.Release|Any CPU.Build.0 = Release|Any CPU
		{0379B889-6F6C-4037-AF1E-1A6F807E0872}.Release|x64.ActiveCfg = Release|Any CPU
		{0379B889-6F6C-4037-AF1E-1A6F807E0872}.Release|x64.Build.0 = Release|Any CPU
		{0379B889-6F6C-4037-AF1E-1A6F807E0872}.Release|x86.ActiveCfg = Release|Any CPU
		{0379B889-6F6C-4037-AF1E-1A6F807E0872}.Release|x86.Build.0 = Release|Any CPU
		{7EFE3253-C275-4845-8C09-C710153A2475}.Debug|Any CPU.ActiveCfg = Debug|Any CPU
		{7EFE3253-C275-4845-8C09-C710153A2475}.Debug|Any CPU.Build.0 = Debug|Any CPU
		{7EFE3253-C275-4845-8C09-C710153A2475}.Debug|x64.ActiveCfg = Debug|Any CPU
		{7EFE3253-C275-4845-8C09-C710153A2475}.Debug|x64.Build.0 = Debug|Any CPU
		{7EFE3253-C275-4845-8C09-C710153A2475}.Debug|x86.ActiveCfg = Debug|Any CPU
		{7EFE3253-C275-4845-8C09-C710153A2475}.Debug|x86.Build.0 = Debug|Any CPU
		{7EFE3253-C275-4845-8C09-C710153A2475}.Release|Any CPU.ActiveCfg = Release|Any CPU
		{7EFE3253-C275-4845-8C09-C710153A2475}.Release|Any CPU.Build.0 = Release|Any CPU
		{7EFE3253-C275-4845-8C09-C710153A2475}.Release|x64.ActiveCfg = Release|Any CPU
		{7EFE3253-C275-4845-8C09-C710153A2475}.Release|x64.Build.0 = Release|Any CPU
		{7EFE3253-C275-4845-8C09-C710153A2475}.Release|x86.ActiveCfg = Release|Any CPU
		{7EFE3253-C275-4845-8C09-C710153A2475}.Release|x86.Build.0 = Release|Any CPU
		{149D5BE3-4BB0-41D7-A1AA-BC15477B7827}.Debug|Any CPU.ActiveCfg = Debug|Any CPU
		{149D5BE3-4BB0-41D7-A1AA-BC15477B7827}.Debug|Any CPU.Build.0 = Debug|Any CPU
		{149D5BE3-4BB0-41D7-A1AA-BC15477B7827}.Debug|x64.ActiveCfg = Debug|Any CPU
		{149D5BE3-4BB0-41D7-A1AA-BC15477B7827}.Debug|x64.Build.0 = Debug|Any CPU
		{149D5BE3-4BB0-41D7-A1AA-BC15477B7827}.Debug|x86.ActiveCfg = Debug|Any CPU
		{149D5BE3-4BB0-41D7-A1AA-BC15477B7827}.Debug|x86.Build.0 = Debug|Any CPU
		{149D5BE3-4BB0-41D7-A1AA-BC15477B7827}.Release|Any CPU.ActiveCfg = Release|Any CPU
		{149D5BE3-4BB0-41D7-A1AA-BC15477B7827}.Release|Any CPU.Build.0 = Release|Any CPU
		{149D5BE3-4BB0-41D7-A1AA-BC15477B7827}.Release|x64.ActiveCfg = Release|Any CPU
		{149D5BE3-4BB0-41D7-A1AA-BC15477B7827}.Release|x64.Build.0 = Release|Any CPU
		{149D5BE3-4BB0-41D7-A1AA-BC15477B7827}.Release|x86.ActiveCfg = Release|Any CPU
		{149D5BE3-4BB0-41D7-A1AA-BC15477B7827}.Release|x86.Build.0 = Release|Any CPU
		{308E0ACB-4B10-4653-932A-75D3AFBA6AE4}.Debug|Any CPU.ActiveCfg = Debug|Any CPU
		{308E0ACB-4B10-4653-932A-75D3AFBA6AE4}.Debug|Any CPU.Build.0 = Debug|Any CPU
		{308E0ACB-4B10-4653-932A-75D3AFBA6AE4}.Debug|x64.ActiveCfg = Debug|Any CPU
		{308E0ACB-4B10-4653-932A-75D3AFBA6AE4}.Debug|x64.Build.0 = Debug|Any CPU
		{308E0ACB-4B10-4653-932A-75D3AFBA6AE4}.Debug|x86.ActiveCfg = Debug|Any CPU
		{308E0ACB-4B10-4653-932A-75D3AFBA6AE4}.Debug|x86.Build.0 = Debug|Any CPU
		{308E0ACB-4B10-4653-932A-75D3AFBA6AE4}.Release|Any CPU.ActiveCfg = Release|Any CPU
		{308E0ACB-4B10-4653-932A-75D3AFBA6AE4}.Release|Any CPU.Build.0 = Release|Any CPU
		{308E0ACB-4B10-4653-932A-75D3AFBA6AE4}.Release|x64.ActiveCfg = Release|Any CPU
		{308E0ACB-4B10-4653-932A-75D3AFBA6AE4}.Release|x64.Build.0 = Release|Any CPU
		{308E0ACB-4B10-4653-932A-75D3AFBA6AE4}.Release|x86.ActiveCfg = Release|Any CPU
		{308E0ACB-4B10-4653-932A-75D3AFBA6AE4}.Release|x86.Build.0 = Release|Any CPU
		{8A373964-284F-40E7-A19D-2C922DD602F1}.Debug|Any CPU.ActiveCfg = Debug|Any CPU
		{8A373964-284F-40E7-A19D-2C922DD602F1}.Debug|Any CPU.Build.0 = Debug|Any CPU
		{8A373964-284F-40E7-A19D-2C922DD602F1}.Debug|x64.ActiveCfg = Debug|Any CPU
		{8A373964-284F-40E7-A19D-2C922DD602F1}.Debug|x64.Build.0 = Debug|Any CPU
		{8A373964-284F-40E7-A19D-2C922DD602F1}.Debug|x86.ActiveCfg = Debug|Any CPU
		{8A373964-284F-40E7-A19D-2C922DD602F1}.Debug|x86.Build.0 = Debug|Any CPU
		{8A373964-284F-40E7-A19D-2C922DD602F1}.Release|Any CPU.ActiveCfg = Release|Any CPU
		{8A373964-284F-40E7-A19D-2C922DD602F1}.Release|Any CPU.Build.0 = Release|Any CPU
		{8A373964-284F-40E7-A19D-2C922DD602F1}.Release|x64.ActiveCfg = Release|Any CPU
		{8A373964-284F-40E7-A19D-2C922DD602F1}.Release|x64.Build.0 = Release|Any CPU
		{8A373964-284F-40E7-A19D-2C922DD602F1}.Release|x86.ActiveCfg = Release|Any CPU
		{8A373964-284F-40E7-A19D-2C922DD602F1}.Release|x86.Build.0 = Release|Any CPU
		{AA49A702-4C1B-462E-A8FF-E90338E12AFA}.Debug|Any CPU.ActiveCfg = Debug|Any CPU
		{AA49A702-4C1B-462E-A8FF-E90338E12AFA}.Debug|Any CPU.Build.0 = Debug|Any CPU
		{AA49A702-4C1B-462E-A8FF-E90338E12AFA}.Debug|x64.ActiveCfg = Debug|Any CPU
		{AA49A702-4C1B-462E-A8FF-E90338E12AFA}.Debug|x64.Build.0 = Debug|Any CPU
		{AA49A702-4C1B-462E-A8FF-E90338E12AFA}.Debug|x86.ActiveCfg = Debug|Any CPU
		{AA49A702-4C1B-462E-A8FF-E90338E12AFA}.Debug|x86.Build.0 = Debug|Any CPU
		{AA49A702-4C1B-462E-A8FF-E90338E12AFA}.Release|Any CPU.ActiveCfg = Release|Any CPU
		{AA49A702-4C1B-462E-A8FF-E90338E12AFA}.Release|Any CPU.Build.0 = Release|Any CPU
		{AA49A702-4C1B-462E-A8FF-E90338E12AFA}.Release|x64.ActiveCfg = Release|Any CPU
		{AA49A702-4C1B-462E-A8FF-E90338E12AFA}.Release|x64.Build.0 = Release|Any CPU
		{AA49A702-4C1B-462E-A8FF-E90338E12AFA}.Release|x86.ActiveCfg = Release|Any CPU
		{AA49A702-4C1B-462E-A8FF-E90338E12AFA}.Release|x86.Build.0 = Release|Any CPU
		{A462A496-51EC-4E73-8E02-3C57A88AC352}.Debug|Any CPU.ActiveCfg = Debug|Any CPU
		{A462A496-51EC-4E73-8E02-3C57A88AC352}.Debug|Any CPU.Build.0 = Debug|Any CPU
		{A462A496-51EC-4E73-8E02-3C57A88AC352}.Debug|x64.ActiveCfg = Debug|Any CPU
		{A462A496-51EC-4E73-8E02-3C57A88AC352}.Debug|x64.Build.0 = Debug|Any CPU
		{A462A496-51EC-4E73-8E02-3C57A88AC352}.Debug|x86.ActiveCfg = Debug|Any CPU
		{A462A496-51EC-4E73-8E02-3C57A88AC352}.Debug|x86.Build.0 = Debug|Any CPU
		{A462A496-51EC-4E73-8E02-3C57A88AC352}.Release|Any CPU.ActiveCfg = Release|Any CPU
		{A462A496-51EC-4E73-8E02-3C57A88AC352}.Release|Any CPU.Build.0 = Release|Any CPU
		{A462A496-51EC-4E73-8E02-3C57A88AC352}.Release|x64.ActiveCfg = Release|Any CPU
		{A462A496-51EC-4E73-8E02-3C57A88AC352}.Release|x64.Build.0 = Release|Any CPU
		{A462A496-51EC-4E73-8E02-3C57A88AC352}.Release|x86.ActiveCfg = Release|Any CPU
		{A462A496-51EC-4E73-8E02-3C57A88AC352}.Release|x86.Build.0 = Release|Any CPU
		{4D7D64FC-E28C-483F-B1DB-061E3D9A05D2}.Debug|Any CPU.ActiveCfg = Debug|Any CPU
		{4D7D64FC-E28C-483F-B1DB-061E3D9A05D2}.Debug|Any CPU.Build.0 = Debug|Any CPU
		{4D7D64FC-E28C-483F-B1DB-061E3D9A05D2}.Debug|x64.ActiveCfg = Debug|Any CPU
		{4D7D64FC-E28C-483F-B1DB-061E3D9A05D2}.Debug|x64.Build.0 = Debug|Any CPU
		{4D7D64FC-E28C-483F-B1DB-061E3D9A05D2}.Debug|x86.ActiveCfg = Debug|Any CPU
		{4D7D64FC-E28C-483F-B1DB-061E3D9A05D2}.Debug|x86.Build.0 = Debug|Any CPU
		{4D7D64FC-E28C-483F-B1DB-061E3D9A05D2}.Release|Any CPU.ActiveCfg = Release|Any CPU
		{4D7D64FC-E28C-483F-B1DB-061E3D9A05D2}.Release|Any CPU.Build.0 = Release|Any CPU
		{4D7D64FC-E28C-483F-B1DB-061E3D9A05D2}.Release|x64.ActiveCfg = Release|Any CPU
		{4D7D64FC-E28C-483F-B1DB-061E3D9A05D2}.Release|x64.Build.0 = Release|Any CPU
		{4D7D64FC-E28C-483F-B1DB-061E3D9A05D2}.Release|x86.ActiveCfg = Release|Any CPU
		{4D7D64FC-E28C-483F-B1DB-061E3D9A05D2}.Release|x86.Build.0 = Release|Any CPU
		{AAD1EB6D-8611-4D46-BC0F-FC090EA749F2}.Debug|Any CPU.ActiveCfg = Debug|Any CPU
		{AAD1EB6D-8611-4D46-BC0F-FC090EA749F2}.Debug|Any CPU.Build.0 = Debug|Any CPU
		{AAD1EB6D-8611-4D46-BC0F-FC090EA749F2}.Debug|x64.ActiveCfg = Debug|Any CPU
		{AAD1EB6D-8611-4D46-BC0F-FC090EA749F2}.Debug|x64.Build.0 = Debug|Any CPU
		{AAD1EB6D-8611-4D46-BC0F-FC090EA749F2}.Debug|x86.ActiveCfg = Debug|Any CPU
		{AAD1EB6D-8611-4D46-BC0F-FC090EA749F2}.Debug|x86.Build.0 = Debug|Any CPU
		{AAD1EB6D-8611-4D46-BC0F-FC090EA749F2}.Release|Any CPU.ActiveCfg = Release|Any CPU
		{AAD1EB6D-8611-4D46-BC0F-FC090EA749F2}.Release|Any CPU.Build.0 = Release|Any CPU
		{AAD1EB6D-8611-4D46-BC0F-FC090EA749F2}.Release|x64.ActiveCfg = Release|Any CPU
		{AAD1EB6D-8611-4D46-BC0F-FC090EA749F2}.Release|x64.Build.0 = Release|Any CPU
		{AAD1EB6D-8611-4D46-BC0F-FC090EA749F2}.Release|x86.ActiveCfg = Release|Any CPU
		{AAD1EB6D-8611-4D46-BC0F-FC090EA749F2}.Release|x86.Build.0 = Release|Any CPU
	EndGlobalSection
	GlobalSection(SolutionProperties) = preSolution
		HideSolutionNode = FALSE
	EndGlobalSection
	GlobalSection(ExtensibilityGlobals) = postSolution
		SolutionGuid = {CDA6CB9B-348C-4C87-A510-D63C0AF68A1F}
	EndGlobalSection
EndGlobal
